
Microsoft Visual Studio Solution File, Format Version 12.00
# Visual Studio 15
VisualStudioVersion = 15.0.27703.2026
MinimumVisualStudioVersion = 10.0.40219.1
Project("{FAE04EC0-301F-11D3-BF4B-00C04F79EFBC}") = "repoPatternDemo", "repoPatternDemo\repoPatternDemo.csproj", "{DE01EE98-F30E-4952-A777-F0E1CC36869D}"
EndProject
Project("{FAE04EC0-301F-11D3-BF4B-00C04F79EFBC}") = "Model", "Model\Model.csproj", "{710B3F08-450D-4B45-9D30-29C8FF05CEBB}"
EndProject
Project("{FAE04EC0-301F-11D3-BF4B-00C04F79EFBC}") = "Data", "Data\Data.csproj", "{CD58D408-9EBD-4369-938E-8AAE4AC8CEF8}"
EndProject
Global
	GlobalSection(SolutionConfigurationPlatforms) = preSolution
		Debug|Any CPU = Debug|Any CPU
		Release|Any CPU = Release|Any CPU
	EndGlobalSection
	GlobalSection(ProjectConfigurationPlatforms) = postSolution
		{DE01EE98-F30E-4952-A777-F0E1CC36869D}.Debug|Any CPU.ActiveCfg = Debug|Any CPU
		{DE01EE98-F30E-4952-A777-F0E1CC36869D}.Debug|Any CPU.Build.0 = Debug|Any CPU
		{DE01EE98-F30E-4952-A777-F0E1CC36869D}.Release|Any CPU.ActiveCfg = Release|Any CPU
		{DE01EE98-F30E-4952-A777-F0E1CC36869D}.Release|Any CPU.Build.0 = Release|Any CPU
		{710B3F08-450D-4B45-9D30-29C8FF05CEBB}.Debug|Any CPU.ActiveCfg = Debug|Any CPU
		{710B3F08-450D-4B45-9D30-29C8FF05CEBB}.Debug|Any CPU.Build.0 = Debug|Any CPU
		{710B3F08-450D-4B45-9D30-29C8FF05CEBB}.Release|Any CPU.ActiveCfg = Release|Any CPU
		{710B3F08-450D-4B45-9D30-29C8FF05CEBB}.Release|Any CPU.Build.0 = Release|Any CPU
		{CD58D408-9EBD-4369-938E-8AAE4AC8CEF8}.Debug|Any CPU.ActiveCfg = Debug|Any CPU
		{CD58D408-9EBD-4369-938E-8AAE4AC8CEF8}.Debug|Any CPU.Build.0 = Debug|Any CPU
		{CD58D408-9EBD-4369-938E-8AAE4AC8CEF8}.Release|Any CPU.ActiveCfg = Release|Any CPU
		{CD58D408-9EBD-4369-938E-8AAE4AC8CEF8}.Release|Any CPU.Build.0 = Release|Any CPU
	EndGlobalSection
	GlobalSection(SolutionProperties) = preSolution
		HideSolutionNode = FALSE
	EndGlobalSection
	GlobalSection(ExtensibilityGlobals) = postSolution
		SolutionGuid = {A016A5E1-87F1-479A-8BDC-6E6537FECBEF}
	EndGlobalSection
EndGlobal
